
Microsoft Visual Studio Solution File, Format Version 12.00
# Visual Studio 2012
Project("{2150E333-8FDC-42A3-9474-1A3956D46DE8}") = "Clients", "Clients", "{3338FC7B-13BB-4CBD-B394-EAC76E751354}"
EndProject
Project("{FAE04EC0-301F-11D3-BF4B-00C04F79EFBC}") = "Win8TestBedClient", "Win8TestBedClient\Win8TestBedClient.csproj", "{7C8F6A15-6895-44E2-A063-026E422E0802}"
	ProjectSection(ProjectDependencies) = postProject
		{066B7D63-1EEA-4200-A50D-BF9B693C3FB8} = {066B7D63-1EEA-4200-A50D-BF9B693C3FB8}
	EndProjectSection
EndProject
Project("{2150E333-8FDC-42A3-9474-1A3956D46DE8}") = "Server", "Server", "{22E6F11A-298D-4E00-966F-F37C3AA5D2EE}"
EndProject
Project("{FAE04EC0-301F-11D3-BF4B-00C04F79EFBC}") = "IMAGO.ServerEndPoints", "IMAGO.ServerEndPoints\IMAGO.ServerEndPoints.csproj", "{066B7D63-1EEA-4200-A50D-BF9B693C3FB8}"
EndProject
Project("{2150E333-8FDC-42A3-9474-1A3956D46DE8}") = "Portable Domain", "Portable Domain", "{1CC4D496-A180-47A6-8DB9-5FABE581C4AB}"
EndProject
Project("{FAE04EC0-301F-11D3-BF4B-00C04F79EFBC}") = "IMAGO.Domain", "IMAGO.Domain\IMAGO.Domain.csproj", "{D004CD28-607E-4E6B-B570-1A5F664396A8}"
EndProject
Project("{FAE04EC0-301F-11D3-BF4B-00C04F79EFBC}") = "IMAGO.Services.Interfaces", "IMAGO.Services.Interfaces\IMAGO.Services.Interfaces.csproj", "{3D277E52-8047-4130-9B1D-994ED6529A2C}"
EndProject
Global
	GlobalSection(SolutionConfigurationPlatforms) = preSolution
		Debug|Any CPU = Debug|Any CPU
		Debug|ARM = Debug|ARM
		Debug|x64 = Debug|x64
		Debug|x86 = Debug|x86
		Release|Any CPU = Release|Any CPU
		Release|ARM = Release|ARM
		Release|x64 = Release|x64
		Release|x86 = Release|x86
	EndGlobalSection
	GlobalSection(ProjectConfigurationPlatforms) = postSolution
		{7C8F6A15-6895-44E2-A063-026E422E0802}.Debug|Any CPU.ActiveCfg = Debug|Any CPU
		{7C8F6A15-6895-44E2-A063-026E422E0802}.Debug|Any CPU.Build.0 = Debug|Any CPU
		{7C8F6A15-6895-44E2-A063-026E422E0802}.Debug|Any CPU.Deploy.0 = Debug|Any CPU
		{7C8F6A15-6895-44E2-A063-026E422E0802}.Debug|ARM.ActiveCfg = Debug|ARM
		{7C8F6A15-6895-44E2-A063-026E422E0802}.Debug|ARM.Build.0 = Debug|ARM
		{7C8F6A15-6895-44E2-A063-026E422E0802}.Debug|ARM.Deploy.0 = Debug|ARM
		{7C8F6A15-6895-44E2-A063-026E422E0802}.Debug|x64.ActiveCfg = Debug|x64
		{7C8F6A15-6895-44E2-A063-026E422E0802}.Debug|x64.Build.0 = Debug|x64
		{7C8F6A15-6895-44E2-A063-026E422E0802}.Debug|x64.Deploy.0 = Debug|x64
		{7C8F6A15-6895-44E2-A063-026E422E0802}.Debug|x86.ActiveCfg = Debug|x86
		{7C8F6A15-6895-44E2-A063-026E422E0802}.Debug|x86.Build.0 = Debug|x86
		{7C8F6A15-6895-44E2-A063-026E422E0802}.Debug|x86.Deploy.0 = Debug|x86
		{7C8F6A15-6895-44E2-A063-026E422E0802}.Release|Any CPU.ActiveCfg = Release|Any CPU
		{7C8F6A15-6895-44E2-A063-026E422E0802}.Release|Any CPU.Build.0 = Release|Any CPU
		{7C8F6A15-6895-44E2-A063-026E422E0802}.Release|Any CPU.Deploy.0 = Release|Any CPU
		{7C8F6A15-6895-44E2-A063-026E422E0802}.Release|ARM.ActiveCfg = Release|ARM
		{7C8F6A15-6895-44E2-A063-026E422E0802}.Release|ARM.Build.0 = Release|ARM
		{7C8F6A15-6895-44E2-A063-026E422E0802}.Release|ARM.Deploy.0 = Release|ARM
		{7C8F6A15-6895-44E2-A063-026E422E0802}.Release|x64.ActiveCfg = Release|x64
		{7C8F6A15-6895-44E2-A063-026E422E0802}.Release|x64.Build.0 = Release|x64
		{7C8F6A15-6895-44E2-A063-026E422E0802}.Release|x64.Deploy.0 = Release|x64
		{7C8F6A15-6895-44E2-A063-026E422E0802}.Release|x86.ActiveCfg = Release|x86
		{7C8F6A15-6895-44E2-A063-026E422E0802}.Release|x86.Build.0 = Release|x86
		{7C8F6A15-6895-44E2-A063-026E422E0802}.Release|x86.Deploy.0 = Release|x86
		{066B7D63-1EEA-4200-A50D-BF9B693C3FB8}.Debug|Any CPU.ActiveCfg = Debug|Any CPU
		{066B7D63-1EEA-4200-A50D-BF9B693C3FB8}.Debug|Any CPU.Build.0 = Debug|Any CPU
		{066B7D63-1EEA-4200-A50D-BF9B693C3FB8}.Debug|ARM.ActiveCfg = Debug|Any CPU
		{066B7D63-1EEA-4200-A50D-BF9B693C3FB8}.Debug|x64.ActiveCfg = Debug|Any CPU
		{066B7D63-1EEA-4200-A50D-BF9B693C3FB8}.Debug|x86.ActiveCfg = Debug|Any CPU
		{066B7D63-1EEA-4200-A50D-BF9B693C3FB8}.Release|Any CPU.ActiveCfg = Release|Any CPU
		{066B7D63-1EEA-4200-A50D-BF9B693C3FB8}.Release|Any CPU.Build.0 = Release|Any CPU
		{066B7D63-1EEA-4200-A50D-BF9B693C3FB8}.Release|ARM.ActiveCfg = Release|Any CPU
		{066B7D63-1EEA-4200-A50D-BF9B693C3FB8}.Release|x64.ActiveCfg = Release|Any CPU
		{066B7D63-1EEA-4200-A50D-BF9B693C3FB8}.Release|x86.ActiveCfg = Release|Any CPU
		{D004CD28-607E-4E6B-B570-1A5F664396A8}.Debug|Any CPU.ActiveCfg = Debug|Any CPU
		{D004CD28-607E-4E6B-B570-1A5F664396A8}.Debug|Any CPU.Build.0 = Debug|Any CPU
		{D004CD28-607E-4E6B-B570-1A5F664396A8}.Debug|ARM.ActiveCfg = Debug|Any CPU
		{D004CD28-607E-4E6B-B570-1A5F664396A8}.Debug|x64.ActiveCfg = Debug|Any CPU
		{D004CD28-607E-4E6B-B570-1A5F664396A8}.Debug|x86.ActiveCfg = Debug|Any CPU
		{D004CD28-607E-4E6B-B570-1A5F664396A8}.Release|Any CPU.ActiveCfg = Release|Any CPU
		{D004CD28-607E-4E6B-B570-1A5F664396A8}.Release|Any CPU.Build.0 = Release|Any CPU
		{D004CD28-607E-4E6B-B570-1A5F664396A8}.Release|ARM.ActiveCfg = Release|Any CPU
		{D004CD28-607E-4E6B-B570-1A5F664396A8}.Release|x64.ActiveCfg = Release|Any CPU
		{D004CD28-607E-4E6B-B570-1A5F664396A8}.Release|x86.ActiveCfg = Release|Any CPU
		{3D277E52-8047-4130-9B1D-994ED6529A2C}.Debug|Any CPU.ActiveCfg = Debug|Any CPU
		{3D277E52-8047-4130-9B1D-994ED6529A2C}.Debug|Any CPU.Build.0 = Debug|Any CPU
		{3D277E52-8047-4130-9B1D-994ED6529A2C}.Debug|ARM.ActiveCfg = Debug|Any CPU
		{3D277E52-8047-4130-9B1D-994ED6529A2C}.Debug|x64.ActiveCfg = Debug|Any CPU
		{3D277E52-8047-4130-9B1D-994ED6529A2C}.Debug|x86.ActiveCfg = Debug|Any CPU
		{3D277E52-8047-4130-9B1D-994ED6529A2C}.Release|Any CPU.ActiveCfg = Release|Any CPU
		{3D277E52-8047-4130-9B1D-994ED6529A2C}.Release|Any CPU.Build.0 = Release|Any CPU
		{3D277E52-8047-4130-9B1D-994ED6529A2C}.Release|ARM.ActiveCfg = Release|Any CPU
		{3D277E52-8047-4130-9B1D-994ED6529A2C}.Release|x64.ActiveCfg = Release|Any CPU
		{3D277E52-8047-4130-9B1D-994ED6529A2C}.Release|x86.ActiveCfg = Release|Any CPU
	EndGlobalSection
	GlobalSection(SolutionProperties) = preSolution
		HideSolutionNode = FALSE
	EndGlobalSection
	GlobalSection(NestedProjects) = preSolution
		{7C8F6A15-6895-44E2-A063-026E422E0802} = {3338FC7B-13BB-4CBD-B394-EAC76E751354}
		{066B7D63-1EEA-4200-A50D-BF9B693C3FB8} = {22E6F11A-298D-4E00-966F-F37C3AA5D2EE}
		{D004CD28-607E-4E6B-B570-1A5F664396A8} = {1CC4D496-A180-47A6-8DB9-5FABE581C4AB}
		{3D277E52-8047-4130-9B1D-994ED6529A2C} = {1CC4D496-A180-47A6-8DB9-5FABE581C4AB}
	EndGlobalSection
EndGlobal
